
Microsoft Visual Studio Solution File, Format Version 12.00
# Visual Studio 2012
Project("{FAE04EC0-301F-11D3-BF4B-00C04F79EFBC}") = "Day5_Morning", "Day5_Morning\Day5_Morning.csproj", "{FEC1C114-2EAB-403A-92CA-96A378B91173}"
EndProject
Global
	GlobalSection(SolutionConfigurationPlatforms) = preSolution
		Debug|x86 = Debug|x86
		Release|x86 = Release|x86
	EndGlobalSection
	GlobalSection(ProjectConfigurationPlatforms) = postSolution
		{FEC1C114-2EAB-403A-92CA-96A378B91173}.Debug|x86.ActiveCfg = Debug|x86
		{FEC1C114-2EAB-403A-92CA-96A378B91173}.Debug|x86.Build.0 = Debug|x86
		{FEC1C114-2EAB-403A-92CA-96A378B91173}.Release|x86.ActiveCfg = Release|x86
		{FEC1C114-2EAB-403A-92CA-96A378B91173}.Release|x86.Build.0 = Release|x86
	EndGlobalSection
EndGlobal
