
Microsoft Visual Studio Solution File, Format Version 12.00
# Visual Studio 2012
Project("{FAE04EC0-301F-11D3-BF4B-00C04F79EFBC}") = "BSTOne", "BSTOne\BSTOne.csproj", "{DC819751-8371-4735-B777-F5BADC6EBBB3}"
EndProject
Global
	GlobalSection(SolutionConfigurationPlatforms) = preSolution
		Debug|iPhoneSimulator = Debug|iPhoneSimulator
		Release|iPhone = Release|iPhone
		Release|iPhoneSimulator = Release|iPhoneSimulator
		Debug|iPhone = Debug|iPhone
	EndGlobalSection
	GlobalSection(ProjectConfigurationPlatforms) = postSolution
		{DC819751-8371-4735-B777-F5BADC6EBBB3}.Debug|iPhone.ActiveCfg = Debug|iPhone
		{DC819751-8371-4735-B777-F5BADC6EBBB3}.Debug|iPhone.Build.0 = Debug|iPhone
		{DC819751-8371-4735-B777-F5BADC6EBBB3}.Debug|iPhoneSimulator.ActiveCfg = Debug|iPhoneSimulator
		{DC819751-8371-4735-B777-F5BADC6EBBB3}.Debug|iPhoneSimulator.Build.0 = Debug|iPhoneSimulator
		{DC819751-8371-4735-B777-F5BADC6EBBB3}.Release|iPhone.ActiveCfg = Release|iPhone
		{DC819751-8371-4735-B777-F5BADC6EBBB3}.Release|iPhone.Build.0 = Release|iPhone
		{DC819751-8371-4735-B777-F5BADC6EBBB3}.Release|iPhoneSimulator.ActiveCfg = Release|iPhoneSimulator
		{DC819751-8371-4735-B777-F5BADC6EBBB3}.Release|iPhoneSimulator.Build.0 = Release|iPhoneSimulator
	EndGlobalSection
EndGlobal
