
Microsoft Visual Studio Solution File, Format Version 12.00
# Visual Studio 2012
Project("{FAE04EC0-301F-11D3-BF4B-00C04F79EFBC}") = "TripExpenceManager", "TripExpenceManager\TripExpenceManager.csproj", "{ED180A6C-7887-4781-9C72-D8344B273D8F}"
EndProject
Project("{FAE04EC0-301F-11D3-BF4B-00C04F79EFBC}") = "TripExpenceManager.UITests", "TripExpenceManager.UITests\TripExpenceManager.UITests.csproj", "{BE205BAD-1920-477D-8FEC-D066B75552DA}"
EndProject
Global
	GlobalSection(SolutionConfigurationPlatforms) = preSolution
		Debug|iPhoneSimulator = Debug|iPhoneSimulator
		Release|iPhone = Release|iPhone
		Release|iPhoneSimulator = Release|iPhoneSimulator
		Debug|iPhone = Debug|iPhone
		Debug|Any CPU = Debug|Any CPU
		Release|Any CPU = Release|Any CPU
	EndGlobalSection
	GlobalSection(ProjectConfigurationPlatforms) = postSolution
		{BE205BAD-1920-477D-8FEC-D066B75552DA}.Debug|Any CPU.ActiveCfg = Debug|Any CPU
		{BE205BAD-1920-477D-8FEC-D066B75552DA}.Debug|Any CPU.Build.0 = Debug|Any CPU
		{BE205BAD-1920-477D-8FEC-D066B75552DA}.Debug|iPhone.ActiveCfg = Debug|Any CPU
		{BE205BAD-1920-477D-8FEC-D066B75552DA}.Debug|iPhone.Build.0 = Debug|Any CPU
		{BE205BAD-1920-477D-8FEC-D066B75552DA}.Debug|iPhoneSimulator.ActiveCfg = Debug|Any CPU
		{BE205BAD-1920-477D-8FEC-D066B75552DA}.Debug|iPhoneSimulator.Build.0 = Debug|Any CPU
		{BE205BAD-1920-477D-8FEC-D066B75552DA}.Release|Any CPU.ActiveCfg = Release|Any CPU
		{BE205BAD-1920-477D-8FEC-D066B75552DA}.Release|Any CPU.Build.0 = Release|Any CPU
		{BE205BAD-1920-477D-8FEC-D066B75552DA}.Release|iPhone.ActiveCfg = Release|Any CPU
		{BE205BAD-1920-477D-8FEC-D066B75552DA}.Release|iPhone.Build.0 = Release|Any CPU
		{BE205BAD-1920-477D-8FEC-D066B75552DA}.Release|iPhoneSimulator.ActiveCfg = Release|Any CPU
		{BE205BAD-1920-477D-8FEC-D066B75552DA}.Release|iPhoneSimulator.Build.0 = Release|Any CPU
		{ED180A6C-7887-4781-9C72-D8344B273D8F}.Debug|Any CPU.ActiveCfg = Debug|iPhoneSimulator
		{ED180A6C-7887-4781-9C72-D8344B273D8F}.Debug|Any CPU.Build.0 = Debug|iPhoneSimulator
		{ED180A6C-7887-4781-9C72-D8344B273D8F}.Debug|iPhone.ActiveCfg = Debug|iPhone
		{ED180A6C-7887-4781-9C72-D8344B273D8F}.Debug|iPhone.Build.0 = Debug|iPhone
		{ED180A6C-7887-4781-9C72-D8344B273D8F}.Debug|iPhoneSimulator.ActiveCfg = Debug|iPhoneSimulator
		{ED180A6C-7887-4781-9C72-D8344B273D8F}.Debug|iPhoneSimulator.Build.0 = Debug|iPhoneSimulator
		{ED180A6C-7887-4781-9C72-D8344B273D8F}.Release|Any CPU.ActiveCfg = Release|iPhone
		{ED180A6C-7887-4781-9C72-D8344B273D8F}.Release|Any CPU.Build.0 = Release|iPhone
		{ED180A6C-7887-4781-9C72-D8344B273D8F}.Release|iPhone.ActiveCfg = Release|iPhone
		{ED180A6C-7887-4781-9C72-D8344B273D8F}.Release|iPhone.Build.0 = Release|iPhone
		{ED180A6C-7887-4781-9C72-D8344B273D8F}.Release|iPhoneSimulator.ActiveCfg = Release|iPhoneSimulator
		{ED180A6C-7887-4781-9C72-D8344B273D8F}.Release|iPhoneSimulator.Build.0 = Release|iPhoneSimulator
	EndGlobalSection
EndGlobal
